
Microsoft Visual Studio Solution File, Format Version 12.00
# Visual Studio Version 17
VisualStudioVersion = 17.7.34221.43
MinimumVisualStudioVersion = 10.0.40219.1
Project("{FAE04EC0-301F-11D3-BF4B-00C04F79EFBC}") = "App1_test", "App1_test\App1_test.csproj", "{F918B06C-4F1D-4775-B82D-5D318103630A}"
EndProject
Global
	GlobalSection(SolutionConfigurationPlatforms) = preSolution
		Debug|Any CPU = Debug|Any CPU
		Release|Any CPU = Release|Any CPU
	EndGlobalSection
	GlobalSection(ProjectConfigurationPlatforms) = postSolution
		{F918B06C-4F1D-4775-B82D-5D318103630A}.Debug|Any CPU.ActiveCfg = Debug|Any CPU
		{F918B06C-4F1D-4775-B82D-5D318103630A}.Debug|Any CPU.Build.0 = Debug|Any CPU
		{F918B06C-4F1D-4775-B82D-5D318103630A}.Release|Any CPU.ActiveCfg = Release|Any CPU
		{F918B06C-4F1D-4775-B82D-5D318103630A}.Release|Any CPU.Build.0 = Release|Any CPU
	EndGlobalSection
	GlobalSection(SolutionProperties) = preSolution
		HideSolutionNode = FALSE
	EndGlobalSection
	GlobalSection(ExtensibilityGlobals) = postSolution
		SolutionGuid = {D92CD056-89F8-4AF4-A18A-D4A4B308A5AC}
	EndGlobalSection
EndGlobal
